
Microsoft Visual Studio Solution File, Format Version 12.00
# Visual Studio Version 16
VisualStudioVersion = 16.0.29424.173
MinimumVisualStudioVersion = 10.0.40219.1
Project("{FAE04EC0-301F-11D3-BF4B-00C04F79EFBC}") = "Notepad", "Notepad\Notepad.csproj", "{31A16DB3-DF7D-4376-8108-95C09D3F5911}"
EndProject
Global
	GlobalSection(SolutionConfigurationPlatforms) = preSolution
		Debug|Any CPU = Debug|Any CPU
		Release|Any CPU = Release|Any CPU
	EndGlobalSection
	GlobalSection(ProjectConfigurationPlatforms) = postSolution
		{31A16DB3-DF7D-4376-8108-95C09D3F5911}.Debug|Any CPU.ActiveCfg = Debug|Any CPU
		{31A16DB3-DF7D-4376-8108-95C09D3F5911}.Debug|Any CPU.Build.0 = Debug|Any CPU
		{31A16DB3-DF7D-4376-8108-95C09D3F5911}.Release|Any CPU.ActiveCfg = Release|Any CPU
		{31A16DB3-DF7D-4376-8108-95C09D3F5911}.Release|Any CPU.Build.0 = Release|Any CPU
	EndGlobalSection
	GlobalSection(SolutionProperties) = preSolution
		HideSolutionNode = FALSE
	EndGlobalSection
	GlobalSection(ExtensibilityGlobals) = postSolution
		SolutionGuid = {57D1BC2F-81B9-4148-9A55-89BADC55F365}
	EndGlobalSection
EndGlobal
